// !$*UTF8*$!
{
	archiveVersion = 1;
	classes = {
	};
	objectVersion = 46;
	objects = {

/* Begin PBXBuildFile section */
		807204E1153514CD00821644 /* UIKit.framework in Frameworks */ = {isa = PBXBuildFile; fileRef = 807204E0153514CD00821644 /* UIKit.framework */; };
		807204E3153514CD00821644 /* Foundation.framework in Frameworks */ = {isa = PBXBuildFile; fileRef = 807204E2153514CD00821644 /* Foundation.framework */; };
		807204E5153514CD00821644 /* CoreGraphics.framework in Frameworks */ = {isa = PBXBuildFile; fileRef = 807204E4153514CD00821644 /* CoreGraphics.framework */; };
		807204EB153514CD00821644 /* InfoPlist.strings in Resources */ = {isa = PBXBuildFile; fileRef = 807204E9153514CD00821644 /* InfoPlist.strings */; };
		807204ED153514CD00821644 /* main.m in Sources */ = {isa = PBXBuildFile; fileRef = 807204EC153514CD00821644 /* main.m */; };
		807204F1153514CD00821644 /* AppDelegate.m in Sources */ = {isa = PBXBuildFile; fileRef = 807204F0153514CD00821644 /* AppDelegate.m */; };
		807204F4153514CD00821644 /* MainStoryboard_iPhone.storyboard in Resources */ = {isa = PBXBuildFile; fileRef = 807204F2153514CD00821644 /* MainStoryboard_iPhone.storyboard */; };
		807204F7153514CD00821644 /* MainStoryboard_iPad.storyboard in Resources */ = {isa = PBXBuildFile; fileRef = 807204F5153514CD00821644 /* MainStoryboard_iPad.storyboard */; };
		807204FA153514CD00821644 /* ViewController.m in Sources */ = {isa = PBXBuildFile; fileRef = 807204F9153514CD00821644 /* ViewController.m */; };
/* End PBXBuildFile section */

/* Begin PBXFileReference section */
		807204DC153514CD00821644 /* LetterTrace.app */ = {isa = PBXFileReference; explicitFileType = wrapper.application; includeInIndex = 0; path = LetterTrace.app; sourceTree = BUILT_PRODUCTS_DIR; };
		807204E0153514CD00821644 /* UIKit.framework */ = {isa = PBXFileReference; lastKnownFileType = wrapper.framework; name = UIKit.framework; path = System/Library/Frameworks/UIKit.framework; sourceTree = SDKROOT; };
		807204E2153514CD00821644 /* Foundation.framework */ = {isa = PBXFileReference; lastKnownFileType = wrapper.framework; name = Foundation.framework; path = System/Library/Frameworks/Foundation.framework; sourceTree = SDKROOT; };
		807204E4153514CD00821644 /* CoreGraphics.framework */ = {isa = PBXFileReference; lastKnownFileType = wrapper.framework; name = CoreGraphics.framework; path = System/Library/Frameworks/CoreGraphics.framework; sourceTree = SDKROOT; };
		807204E8153514CD00821644 /* LetterTrace-Info.plist */ = {isa = PBXFileReference; path = "LetterTrace-Info.plist"; sourceTree = "<group>"; };
		807204EA153514CD00821644 /* en */ = {isa = PBXFileReference; lastKnownFileType = text.plist.strings; name = en; path = en.lproj/InfoPlist.strings; sourceTree = "<group>"; };
		807204EC153514CD00821644 /* main.m */ = {isa = PBXFileReference; lastKnownFileType = sourcecode.c.objc; path = main.m; sourceTree = "<group>"; };
		807204EE153514CD00821644 /* LetterTrace-Prefix.pch */ = {isa = PBXFileReference; path = "LetterTrace-Prefix.pch"; sourceTree = "<group>"; };
		807204EF153514CD00821644 /* AppDelegate.h */ = {isa = PBXFileReference; path = AppDelegate.h; sourceTree = "<group>"; };
		807204F0153514CD00821644 /* AppDelegate.m */ = {isa = PBXFileReference; lastKnownFileType = sourcecode.c.objc; path = AppDelegate.m; sourceTree = "<group>"; };
		807204F3153514CD00821644 /* en */ = {isa = PBXFileReference; lastKnownFileType = file.storyboard; name = en; path = en.lproj/MainStoryboard_iPhone.storyboard; sourceTree = "<group>"; };
		807204F6153514CD00821644 /* en */ = {isa = PBXFileReference; lastKnownFileType = file.storyboard; name = en; path = en.lproj/MainStoryboard_iPad.storyboard; sourceTree = "<group>"; };
		807204F8153514CD00821644 /* ViewController.h */ = {isa = PBXFileReference; path = ViewController.h; sourceTree = "<group>"; };
		807204F9153514CD00821644 /* ViewController.m */ = {isa = PBXFileReference; lastKnownFileType = sourcecode.c.objc; path = ViewController.m; sourceTree = "<group>"; };
/* End PBXFileReference section */

/* Begin PBXFrameworksBuildPhase section */
		807204D9153514CD00821644 /* Frameworks */ = {
			isa = PBXFrameworksBuildPhase;
			buildActionMask = 2147483647;
			files = (
				807204E1153514CD00821644 /* UIKit.framework in Frameworks */,
				807204E3153514CD00821644 /* Foundation.framework in Frameworks */,
				807204E5153514CD00821644 /* CoreGraphics.framework in Frameworks */,
			);
			runOnlyForDeploymentPostprocessing = 0;
		};
/* End PBXFrameworksBuildPhase section */

/* Begin PBXGroup section */
		807204D1153514CD00821644 = {
			isa = PBXGroup;
			children = (
				807204E6153514CD00821644 /* LetterTrace */,
				807204DF153514CD00821644 /* Frameworks */,
				807204DD153514CD00821644 /* Products */,
			);
			sourceTree = "<group>";
		};
		807204DD153514CD00821644 /* Products */ = {
			isa = PBXGroup;
			children = (
				807204DC153514CD00821644 /* LetterTrace.app */,
			);
			name = Products;
			sourceTree = "<group>";
		};
		807204DF153514CD00821644 /* Frameworks */ = {
			isa = PBXGroup;
			children = (
				807204E0153514CD00821644 /* UIKit.framework */,
				807204E2153514CD00821644 /* Foundation.framework */,
				807204E4153514CD00821644 /* CoreGraphics.framework */,
			);
			name = Frameworks;
			sourceTree = "<group>";
		};
		807204E6153514CD00821644 /* LetterTrace */ = {
			isa = PBXGroup;
			children = (
				807204EF153514CD00821644 /* AppDelegate.h */,
				807204F0153514CD00821644 /* AppDelegate.m */,
				807204F2153514CD00821644 /* MainStoryboard_iPhone.storyboard */,
				807204F5153514CD00821644 /* MainStoryboard_iPad.storyboard */,
				807204F8153514CD00821644 /* ViewController.h */,
				807204F9153514CD00821644 /* ViewController.m */,
				807204E7153514CD00821644 /* Supporting Files */,
			);
			path = LetterTrace;
			sourceTree = "<group>";
		};
		807204E7153514CD00821644 /* Supporting Files */ = {
			isa = PBXGroup;
			children = (
				807204E8153514CD00821644 /* LetterTrace-Info.plist */,
				807204E9153514CD00821644 /* InfoPlist.strings */,
				807204EC153514CD00821644 /* main.m */,
				807204EE153514CD00821644 /* LetterTrace-Prefix.pch */,
			);
			name = "Supporting Files";
			sourceTree = "<group>";
		};
/* End PBXGroup section */

/* Begin PBXNativeTarget section */
		807204DB153514CD00821644 /* LetterTrace */ = {
			isa = PBXNativeTarget;
			buildConfigurationList = 807204FD153514CD00821644 /* Build configuration list for PBXNativeTarget "LetterTrace" */;
			buildPhases = (
				807204D8153514CD00821644 /* Sources */,
				807204D9153514CD00821644 /* Frameworks */,
				807204DA153514CD00821644 /* Resources */,
			);
			buildRules = (
			);
			dependencies = (
			);
			name = LetterTrace;
			productName = LetterTrace;
			productReference = 807204DC153514CD00821644 /* LetterTrace.app */;
			productType = "com.apple.product-type.application";
		};
/* End PBXNativeTarget section */

/* Begin PBXProject section */
		807204D3153514CD00821644 /* Project object */ = {
			isa = PBXProject;
			attributes = {
				LastUpgradeCheck = 0430;
			};
			buildConfigurationList = 807204D6153514CD00821644 /* Build configuration list for PBXProject "LetterTrace" */;
			compatibilityVersion = "Xcode 3.2";
			developmentRegion = English;
			hasScannedForEncodings = 0;
			knownRegions = (
				en,
			);
			mainGroup = 807204D1153514CD00821644;
			productRefGroup = 807204DD153514CD00821644 /* Products */;
			projectDirPath = "";
			projectRoot = "";
			targets = (
				807204DB153514CD00821644 /* LetterTrace */,
			);
		};
/* End PBXProject section */

/* Begin PBXResourcesBuildPhase section */
		807204DA153514CD00821644 /* Resources */ = {
			isa = PBXResourcesBuildPhase;
			buildActionMask = 2147483647;
			files = (
				807204EB153514CD00821644 /* InfoPlist.strings in Resources */,
				807204F4153514CD00821644 /* MainStoryboard_iPhone.storyboard in Resources */,
				807204F7153514CD00821644 /* MainStoryboard_iPad.storyboard in Resources */,
			);
			runOnlyForDeploymentPostprocessing = 0;
		};
/* End PBXResourcesBuildPhase section */

/* Begin PBXSourcesBuildPhase section */
		807204D8153514CD00821644 /* Sources */ = {
			isa = PBXSourcesBuildPhase;
			buildActionMask = 2147483647;
			files = (
				807204ED153514CD00821644 /* main.m in Sources */,
				807204F1153514CD00821644 /* AppDelegate.m in Sources */,
				807204FA153514CD00821644 /* ViewController.m in Sources */,
			);
			runOnlyForDeploymentPostprocessing = 0;
		};
/* End PBXSourcesBuildPhase section */

/* Begin PBXVariantGroup section */
		807204E9153514CD00821644 /* InfoPlist.strings */ = {
			isa = PBXVariantGroup;
			children = (
				807204EA153514CD00821644 /* en */,
			);
			name = InfoPlist.strings;
			sourceTree = "<group>";
		};
		807204F2153514CD00821644 /* MainStoryboard_iPhone.storyboard */ = {
			isa = PBXVariantGroup;
			children = (
				807204F3153514CD00821644 /* en */,
			);
			name = MainStoryboard_iPhone.storyboard;
			sourceTree = "<group>";
		};
		807204F5153514CD00821644 /* MainStoryboard_iPad.storyboard */ = {
			isa = PBXVariantGroup;
			children = (
				807204F6153514CD00821644 /* en */,
			);
			name = MainStoryboard_iPad.storyboard;
			sourceTree = "<group>";
		};
/* End PBXVariantGroup section */

/* Begin XCBuildConfiguration section */
		807204FB153514CD00821644 /* Debug */ = {
			isa = XCBuildConfiguration;
			buildSettings = {
				ALWAYS_SEARCH_USER_PATHS = NO;
				ARCHS = "$(ARCHS_STANDARD_32_BIT)";
				CLANG_ENABLE_OBJC_ARC = YES;
				"CODE_SIGN_IDENTITY[sdk=iphoneos*]" = "iPhone Developer";
				COPY_PHASE_STRIP = NO;
				GCC_C_LANGUAGE_STANDARD = gnu99;
				GCC_DYNAMIC_NO_PIC = NO;
				GCC_OPTIMIZATION_LEVEL = 0;
				GCC_PREPROCESSOR_DEFINITIONS = (
					"DEBUG=1",
					"$(inherited)",
				);
				GCC_SYMBOLS_PRIVATE_EXTERN = NO;
				GCC_VERSION = com.apple.compilers.llvm.clang.1_0;
				GCC_WARN_ABOUT_RETURN_TYPE = YES;
				GCC_WARN_UNINITIALIZED_AUTOS = YES;
				GCC_WARN_UNUSED_VARIABLE = YES;
				IPHONEOS_DEPLOYMENT_TARGET = 5.1;
				SDKROOT = iphoneos;
				TARGETED_DEVICE_FAMILY = "1,2";
			};
			name = Debug;
		};
		807204FC153514CD00821644 /* Release */ = {
			isa = XCBuildConfiguration;
			buildSettings = {
				ALWAYS_SEARCH_USER_PATHS = NO;
				ARCHS = "$(ARCHS_STANDARD_32_BIT)";
				CLANG_ENABLE_OBJC_ARC = YES;
				"CODE_SIGN_IDENTITY[sdk=iphoneos*]" = "iPhone Developer";
				COPY_PHASE_STRIP = YES;
				GCC_C_LANGUAGE_STANDARD = gnu99;
				GCC_VERSION = com.apple.compilers.llvm.clang.1_0;
				GCC_WARN_ABOUT_RETURN_TYPE = YES;
				GCC_WARN_UNINITIALIZED_AUTOS = YES;
				GCC_WARN_UNUSED_VARIABLE = YES;
				IPHONEOS_DEPLOYMENT_TARGET = 5.1;
				OTHER_CFLAGS = "-DNS_BLOCK_ASSERTIONS=1";
				SDKROOT = iphoneos;
				TARGETED_DEVICE_FAMILY = "1,2";
				VALIDATE_PRODUCT = YES;
			};
			name = Release;
		};
		807204FE153514CD00821644 /* Debug */ = {
			isa = XCBuildConfiguration;
			buildSettings = {
				GCC_PRECOMPILE_PREFIX_HEADER = YES;
				GCC_PREFIX_HEADER = "LetterTrace/LetterTrace-Prefix.pch";
				INFOPLIST_FILE = "LetterTrace/LetterTrace-Info.plist";
				PRODUCT_NAME = "$(TARGET_NAME)";
				WRAPPER_EXTENSION = app;
			};
			name = Debug;
		};
		807204FF153514CD00821644 /* Release */ = {
			isa = XCBuildConfiguration;
			buildSettings = {
				GCC_PRECOMPILE_PREFIX_HEADER = YES;
				GCC_PREFIX_HEADER = "LetterTrace/LetterTrace-Prefix.pch";
				INFOPLIST_FILE = "LetterTrace/LetterTrace-Info.plist";
				PRODUCT_NAME = "$(TARGET_NAME)";
				WRAPPER_EXTENSION = app;
			};
			name = Release;
		};
/* End XCBuildConfiguration section */

/* Begin XCConfigurationList section */
		807204D6153514CD00821644 /* Build configuration list for PBXProject "LetterTrace" */ = {
			isa = XCConfigurationList;
			buildConfigurations = (
				807204FB153514CD00821644 /* Debug */,
				807204FC153514CD00821644 /* Release */,
			);
			defaultConfigurationIsVisible = 0;
			defaultConfigurationName = Release;
		};
		807204FD153514CD00821644 /* Build configuration list for PBXNativeTarget "LetterTrace" */ = {
			isa = XCConfigurationList;
			buildConfigurations = (
				807204FE153514CD00821644 /* Debug */,
				807204FF153514CD00821644 /* Release */,
			);
			defaultConfigurationIsVisible = 0;
		};
/* End XCConfigurationList section */
	};
	rootObject = 807204D3153514CD00821644 /* Project object */;
}
