// !$*UTF8*$!
{
	archiveVersion = 1;
	classes = {
	};
	objectVersion = 46;
	objects = {

/* Begin PBXBuildFile section */
		80AADB9E155104C200E9C213 /* UIKit.framework in Frameworks */ = {isa = PBXBuildFile; fileRef = 80AADB9D155104C200E9C213 /* UIKit.framework */; };
		80AADBA0155104C200E9C213 /* Foundation.framework in Frameworks */ = {isa = PBXBuildFile; fileRef = 80AADB9F155104C200E9C213 /* Foundation.framework */; };
		80AADBA2155104C200E9C213 /* CoreGraphics.framework in Frameworks */ = {isa = PBXBuildFile; fileRef = 80AADBA1155104C200E9C213 /* CoreGraphics.framework */; };
		80AADBA8155104C200E9C213 /* InfoPlist.strings in Resources */ = {isa = PBXBuildFile; fileRef = 80AADBA6155104C200E9C213 /* InfoPlist.strings */; };
		80AADBAA155104C200E9C213 /* main.m in Sources */ = {isa = PBXBuildFile; fileRef = 80AADBA9155104C200E9C213 /* main.m */; };
		80AADBAE155104C200E9C213 /* AppDelegate.m in Sources */ = {isa = PBXBuildFile; fileRef = 80AADBAD155104C200E9C213 /* AppDelegate.m */; };
		80AADBB1155104C200E9C213 /* MainStoryboard.storyboard in Resources */ = {isa = PBXBuildFile; fileRef = 80AADBAF155104C200E9C213 /* MainStoryboard.storyboard */; };
		80AADBB4155104C200E9C213 /* ViewController.m in Sources */ = {isa = PBXBuildFile; fileRef = 80AADBB3155104C200E9C213 /* ViewController.m */; };
/* End PBXBuildFile section */

/* Begin PBXFileReference section */
		80AADB99155104C200E9C213 /* PHPProject.app */ = {isa = PBXFileReference; explicitFileType = wrapper.application; includeInIndex = 0; path = PHPProject.app; sourceTree = BUILT_PRODUCTS_DIR; };
		80AADB9D155104C200E9C213 /* UIKit.framework */ = {isa = PBXFileReference; lastKnownFileType = wrapper.framework; name = UIKit.framework; path = System/Library/Frameworks/UIKit.framework; sourceTree = SDKROOT; };
		80AADB9F155104C200E9C213 /* Foundation.framework */ = {isa = PBXFileReference; lastKnownFileType = wrapper.framework; name = Foundation.framework; path = System/Library/Frameworks/Foundation.framework; sourceTree = SDKROOT; };
		80AADBA1155104C200E9C213 /* CoreGraphics.framework */ = {isa = PBXFileReference; lastKnownFileType = wrapper.framework; name = CoreGraphics.framework; path = System/Library/Frameworks/CoreGraphics.framework; sourceTree = SDKROOT; };
		80AADBA5155104C200E9C213 /* PHPProject-Info.plist */ = {isa = PBXFileReference; path = "PHPProject-Info.plist"; sourceTree = "<group>"; };
		80AADBA7155104C200E9C213 /* en */ = {isa = PBXFileReference; lastKnownFileType = text.plist.strings; name = en; path = en.lproj/InfoPlist.strings; sourceTree = "<group>"; };
		80AADBA9155104C200E9C213 /* main.m */ = {isa = PBXFileReference; lastKnownFileType = sourcecode.c.objc; path = main.m; sourceTree = "<group>"; };
		80AADBAB155104C200E9C213 /* PHPProject-Prefix.pch */ = {isa = PBXFileReference; path = "PHPProject-Prefix.pch"; sourceTree = "<group>"; };
		80AADBAC155104C200E9C213 /* AppDelegate.h */ = {isa = PBXFileReference; path = AppDelegate.h; sourceTree = "<group>"; };
		80AADBAD155104C200E9C213 /* AppDelegate.m */ = {isa = PBXFileReference; lastKnownFileType = sourcecode.c.objc; path = AppDelegate.m; sourceTree = "<group>"; };
		80AADBB0155104C200E9C213 /* en */ = {isa = PBXFileReference; lastKnownFileType = file.storyboard; name = en; path = en.lproj/MainStoryboard.storyboard; sourceTree = "<group>"; };
		80AADBB2155104C200E9C213 /* ViewController.h */ = {isa = PBXFileReference; path = ViewController.h; sourceTree = "<group>"; };
		80AADBB3155104C200E9C213 /* ViewController.m */ = {isa = PBXFileReference; lastKnownFileType = sourcecode.c.objc; path = ViewController.m; sourceTree = "<group>"; };
/* End PBXFileReference section */

/* Begin PBXFrameworksBuildPhase section */
		80AADB96155104C200E9C213 /* Frameworks */ = {
			isa = PBXFrameworksBuildPhase;
			buildActionMask = 2147483647;
			files = (
				80AADB9E155104C200E9C213 /* UIKit.framework in Frameworks */,
				80AADBA0155104C200E9C213 /* Foundation.framework in Frameworks */,
				80AADBA2155104C200E9C213 /* CoreGraphics.framework in Frameworks */,
			);
			runOnlyForDeploymentPostprocessing = 0;
		};
/* End PBXFrameworksBuildPhase section */

/* Begin PBXGroup section */
		80AADB8E155104C200E9C213 = {
			isa = PBXGroup;
			children = (
				80AADBA3155104C200E9C213 /* PHPProject */,
				80AADB9C155104C200E9C213 /* Frameworks */,
				80AADB9A155104C200E9C213 /* Products */,
			);
			sourceTree = "<group>";
		};
		80AADB9A155104C200E9C213 /* Products */ = {
			isa = PBXGroup;
			children = (
				80AADB99155104C200E9C213 /* PHPProject.app */,
			);
			name = Products;
			sourceTree = "<group>";
		};
		80AADB9C155104C200E9C213 /* Frameworks */ = {
			isa = PBXGroup;
			children = (
				80AADB9D155104C200E9C213 /* UIKit.framework */,
				80AADB9F155104C200E9C213 /* Foundation.framework */,
				80AADBA1155104C200E9C213 /* CoreGraphics.framework */,
			);
			name = Frameworks;
			sourceTree = "<group>";
		};
		80AADBA3155104C200E9C213 /* PHPProject */ = {
			isa = PBXGroup;
			children = (
				80AADBAC155104C200E9C213 /* AppDelegate.h */,
				80AADBAD155104C200E9C213 /* AppDelegate.m */,
				80AADBAF155104C200E9C213 /* MainStoryboard.storyboard */,
				80AADBB2155104C200E9C213 /* ViewController.h */,
				80AADBB3155104C200E9C213 /* ViewController.m */,
				80AADBA4155104C200E9C213 /* Supporting Files */,
			);
			path = PHPProject;
			sourceTree = "<group>";
		};
		80AADBA4155104C200E9C213 /* Supporting Files */ = {
			isa = PBXGroup;
			children = (
				80AADBA5155104C200E9C213 /* PHPProject-Info.plist */,
				80AADBA6155104C200E9C213 /* InfoPlist.strings */,
				80AADBA9155104C200E9C213 /* main.m */,
				80AADBAB155104C200E9C213 /* PHPProject-Prefix.pch */,
			);
			name = "Supporting Files";
			sourceTree = "<group>";
		};
/* End PBXGroup section */

/* Begin PBXNativeTarget section */
		80AADB98155104C200E9C213 /* PHPProject */ = {
			isa = PBXNativeTarget;
			buildConfigurationList = 80AADBB7155104C200E9C213 /* Build configuration list for PBXNativeTarget "PHPProject" */;
			buildPhases = (
				80AADB95155104C200E9C213 /* Sources */,
				80AADB96155104C200E9C213 /* Frameworks */,
				80AADB97155104C200E9C213 /* Resources */,
			);
			buildRules = (
			);
			dependencies = (
			);
			name = PHPProject;
			productName = PHPProject;
			productReference = 80AADB99155104C200E9C213 /* PHPProject.app */;
			productType = "com.apple.product-type.application";
		};
/* End PBXNativeTarget section */

/* Begin PBXProject section */
		80AADB90155104C200E9C213 /* Project object */ = {
			isa = PBXProject;
			attributes = {
				LastUpgradeCheck = 0430;
			};
			buildConfigurationList = 80AADB93155104C200E9C213 /* Build configuration list for PBXProject "PHPProject" */;
			compatibilityVersion = "Xcode 3.2";
			developmentRegion = English;
			hasScannedForEncodings = 0;
			knownRegions = (
				en,
			);
			mainGroup = 80AADB8E155104C200E9C213;
			productRefGroup = 80AADB9A155104C200E9C213 /* Products */;
			projectDirPath = "";
			projectRoot = "";
			targets = (
				80AADB98155104C200E9C213 /* PHPProject */,
			);
		};
/* End PBXProject section */

/* Begin PBXResourcesBuildPhase section */
		80AADB97155104C200E9C213 /* Resources */ = {
			isa = PBXResourcesBuildPhase;
			buildActionMask = 2147483647;
			files = (
				80AADBA8155104C200E9C213 /* InfoPlist.strings in Resources */,
				80AADBB1155104C200E9C213 /* MainStoryboard.storyboard in Resources */,
			);
			runOnlyForDeploymentPostprocessing = 0;
		};
/* End PBXResourcesBuildPhase section */

/* Begin PBXSourcesBuildPhase section */
		80AADB95155104C200E9C213 /* Sources */ = {
			isa = PBXSourcesBuildPhase;
			buildActionMask = 2147483647;
			files = (
				80AADBAA155104C200E9C213 /* main.m in Sources */,
				80AADBAE155104C200E9C213 /* AppDelegate.m in Sources */,
				80AADBB4155104C200E9C213 /* ViewController.m in Sources */,
			);
			runOnlyForDeploymentPostprocessing = 0;
		};
/* End PBXSourcesBuildPhase section */

/* Begin PBXVariantGroup section */
		80AADBA6155104C200E9C213 /* InfoPlist.strings */ = {
			isa = PBXVariantGroup;
			children = (
				80AADBA7155104C200E9C213 /* en */,
			);
			name = InfoPlist.strings;
			sourceTree = "<group>";
		};
		80AADBAF155104C200E9C213 /* MainStoryboard.storyboard */ = {
			isa = PBXVariantGroup;
			children = (
				80AADBB0155104C200E9C213 /* en */,
			);
			name = MainStoryboard.storyboard;
			sourceTree = "<group>";
		};
/* End PBXVariantGroup section */

/* Begin XCBuildConfiguration section */
		80AADBB5155104C200E9C213 /* Debug */ = {
			isa = XCBuildConfiguration;
			buildSettings = {
				ALWAYS_SEARCH_USER_PATHS = NO;
				ARCHS = "$(ARCHS_STANDARD_32_BIT)";
				CLANG_ENABLE_OBJC_ARC = YES;
				"CODE_SIGN_IDENTITY[sdk=iphoneos*]" = "iPhone Developer";
				COPY_PHASE_STRIP = NO;
				GCC_C_LANGUAGE_STANDARD = gnu99;
				GCC_DYNAMIC_NO_PIC = NO;
				GCC_OPTIMIZATION_LEVEL = 0;
				GCC_PREPROCESSOR_DEFINITIONS = (
					"DEBUG=1",
					"$(inherited)",
				);
				GCC_SYMBOLS_PRIVATE_EXTERN = NO;
				GCC_VERSION = com.apple.compilers.llvm.clang.1_0;
				GCC_WARN_ABOUT_RETURN_TYPE = YES;
				GCC_WARN_UNINITIALIZED_AUTOS = YES;
				GCC_WARN_UNUSED_VARIABLE = YES;
				IPHONEOS_DEPLOYMENT_TARGET = 5.1;
				SDKROOT = iphoneos;
			};
			name = Debug;
		};
		80AADBB6155104C200E9C213 /* Release */ = {
			isa = XCBuildConfiguration;
			buildSettings = {
				ALWAYS_SEARCH_USER_PATHS = NO;
				ARCHS = "$(ARCHS_STANDARD_32_BIT)";
				CLANG_ENABLE_OBJC_ARC = YES;
				"CODE_SIGN_IDENTITY[sdk=iphoneos*]" = "iPhone Developer";
				COPY_PHASE_STRIP = YES;
				GCC_C_LANGUAGE_STANDARD = gnu99;
				GCC_VERSION = com.apple.compilers.llvm.clang.1_0;
				GCC_WARN_ABOUT_RETURN_TYPE = YES;
				GCC_WARN_UNINITIALIZED_AUTOS = YES;
				GCC_WARN_UNUSED_VARIABLE = YES;
				IPHONEOS_DEPLOYMENT_TARGET = 5.1;
				OTHER_CFLAGS = "-DNS_BLOCK_ASSERTIONS=1";
				SDKROOT = iphoneos;
				VALIDATE_PRODUCT = YES;
			};
			name = Release;
		};
		80AADBB8155104C200E9C213 /* Debug */ = {
			isa = XCBuildConfiguration;
			buildSettings = {
				GCC_PRECOMPILE_PREFIX_HEADER = YES;
				GCC_PREFIX_HEADER = "PHPProject/PHPProject-Prefix.pch";
				INFOPLIST_FILE = "PHPProject/PHPProject-Info.plist";
				PRODUCT_NAME = "$(TARGET_NAME)";
				WRAPPER_EXTENSION = app;
			};
			name = Debug;
		};
		80AADBB9155104C200E9C213 /* Release */ = {
			isa = XCBuildConfiguration;
			buildSettings = {
				GCC_PRECOMPILE_PREFIX_HEADER = YES;
				GCC_PREFIX_HEADER = "PHPProject/PHPProject-Prefix.pch";
				INFOPLIST_FILE = "PHPProject/PHPProject-Info.plist";
				PRODUCT_NAME = "$(TARGET_NAME)";
				WRAPPER_EXTENSION = app;
			};
			name = Release;
		};
/* End XCBuildConfiguration section */

/* Begin XCConfigurationList section */
		80AADB93155104C200E9C213 /* Build configuration list for PBXProject "PHPProject" */ = {
			isa = XCConfigurationList;
			buildConfigurations = (
				80AADBB5155104C200E9C213 /* Debug */,
				80AADBB6155104C200E9C213 /* Release */,
			);
			defaultConfigurationIsVisible = 0;
			defaultConfigurationName = Release;
		};
		80AADBB7155104C200E9C213 /* Build configuration list for PBXNativeTarget "PHPProject" */ = {
			isa = XCConfigurationList;
			buildConfigurations = (
				80AADBB8155104C200E9C213 /* Debug */,
				80AADBB9155104C200E9C213 /* Release */,
			);
			defaultConfigurationIsVisible = 0;
		};
/* End XCConfigurationList section */
	};
	rootObject = 80AADB90155104C200E9C213 /* Project object */;
}
