// !$*UTF8*$!
{
	archiveVersion = 1;
	classes = {
	};
	objectVersion = 46;
	objects = {

/* Begin PBXBuildFile section */
		805EB9481630145C0011CD48 /* UIKit.framework in Frameworks */ = {isa = PBXBuildFile; fileRef = 805EB9471630145C0011CD48 /* UIKit.framework */; };
		805EB94A1630145C0011CD48 /* Foundation.framework in Frameworks */ = {isa = PBXBuildFile; fileRef = 805EB9491630145C0011CD48 /* Foundation.framework */; };
		805EB94C1630145C0011CD48 /* CoreGraphics.framework in Frameworks */ = {isa = PBXBuildFile; fileRef = 805EB94B1630145C0011CD48 /* CoreGraphics.framework */; };
		805EB9521630145C0011CD48 /* InfoPlist.strings in Resources */ = {isa = PBXBuildFile; fileRef = 805EB9501630145C0011CD48 /* InfoPlist.strings */; };
		805EB9541630145C0011CD48 /* main.m in Sources */ = {isa = PBXBuildFile; fileRef = 805EB9531630145C0011CD48 /* main.m */; };
		805EB9581630145C0011CD48 /* AppDelegate.m in Sources */ = {isa = PBXBuildFile; fileRef = 805EB9571630145C0011CD48 /* AppDelegate.m */; };
		805EB95A1630145C0011CD48 /* Default.png in Resources */ = {isa = PBXBuildFile; fileRef = 805EB9591630145C0011CD48 /* Default.png */; };
		805EB95C1630145C0011CD48 /* Default@2x.png in Resources */ = {isa = PBXBuildFile; fileRef = 805EB95B1630145C0011CD48 /* Default@2x.png */; };
		805EB95E1630145C0011CD48 /* Default-568h@2x.png in Resources */ = {isa = PBXBuildFile; fileRef = 805EB95D1630145C0011CD48 /* Default-568h@2x.png */; };
		805EB9611630145D0011CD48 /* MainStoryboard.storyboard in Resources */ = {isa = PBXBuildFile; fileRef = 805EB95F1630145D0011CD48 /* MainStoryboard.storyboard */; };
		805EB9641630145D0011CD48 /* ViewController.m in Sources */ = {isa = PBXBuildFile; fileRef = 805EB9631630145D0011CD48 /* ViewController.m */; };
/* End PBXBuildFile section */

/* Begin PBXFileReference section */
		805EB9431630145C0011CD48 /* QuitSmokingIphoneApp.app */ = {isa = PBXFileReference; explicitFileType = wrapper.application; includeInIndex = 0; path = QuitSmokingIphoneApp.app; sourceTree = BUILT_PRODUCTS_DIR; };
		805EB9471630145C0011CD48 /* UIKit.framework */ = {isa = PBXFileReference; lastKnownFileType = wrapper.framework; name = UIKit.framework; path = System/Library/Frameworks/UIKit.framework; sourceTree = SDKROOT; };
		805EB9491630145C0011CD48 /* Foundation.framework */ = {isa = PBXFileReference; lastKnownFileType = wrapper.framework; name = Foundation.framework; path = System/Library/Frameworks/Foundation.framework; sourceTree = SDKROOT; };
		805EB94B1630145C0011CD48 /* CoreGraphics.framework */ = {isa = PBXFileReference; lastKnownFileType = wrapper.framework; name = CoreGraphics.framework; path = System/Library/Frameworks/CoreGraphics.framework; sourceTree = SDKROOT; };
		805EB94F1630145C0011CD48 /* QuitSmokingIphoneApp-Info.plist */ = {isa = PBXFileReference; lastKnownFileType = text.plist.xml; path = "QuitSmokingIphoneApp-Info.plist"; sourceTree = "<group>"; };
		805EB9511630145C0011CD48 /* en */ = {isa = PBXFileReference; lastKnownFileType = text.plist.strings; name = en; path = en.lproj/InfoPlist.strings; sourceTree = "<group>"; };
		805EB9531630145C0011CD48 /* main.m */ = {isa = PBXFileReference; lastKnownFileType = sourcecode.c.objc; path = main.m; sourceTree = "<group>"; };
		805EB9551630145C0011CD48 /* QuitSmokingIphoneApp-Prefix.pch */ = {isa = PBXFileReference; lastKnownFileType = sourcecode.c.h; path = "QuitSmokingIphoneApp-Prefix.pch"; sourceTree = "<group>"; };
		805EB9561630145C0011CD48 /* AppDelegate.h */ = {isa = PBXFileReference; lastKnownFileType = sourcecode.c.h; path = AppDelegate.h; sourceTree = "<group>"; };
		805EB9571630145C0011CD48 /* AppDelegate.m */ = {isa = PBXFileReference; lastKnownFileType = sourcecode.c.objc; path = AppDelegate.m; sourceTree = "<group>"; };
		805EB9591630145C0011CD48 /* Default.png */ = {isa = PBXFileReference; lastKnownFileType = image.png; path = Default.png; sourceTree = "<group>"; };
		805EB95B1630145C0011CD48 /* Default@2x.png */ = {isa = PBXFileReference; lastKnownFileType = image.png; path = "Default@2x.png"; sourceTree = "<group>"; };
		805EB95D1630145C0011CD48 /* Default-568h@2x.png */ = {isa = PBXFileReference; lastKnownFileType = image.png; path = "Default-568h@2x.png"; sourceTree = "<group>"; };
		805EB9601630145D0011CD48 /* en */ = {isa = PBXFileReference; lastKnownFileType = file.storyboard; name = en; path = en.lproj/MainStoryboard.storyboard; sourceTree = "<group>"; };
		805EB9621630145D0011CD48 /* ViewController.h */ = {isa = PBXFileReference; lastKnownFileType = sourcecode.c.h; path = ViewController.h; sourceTree = "<group>"; };
		805EB9631630145D0011CD48 /* ViewController.m */ = {isa = PBXFileReference; lastKnownFileType = sourcecode.c.objc; path = ViewController.m; sourceTree = "<group>"; };
/* End PBXFileReference section */

/* Begin PBXFrameworksBuildPhase section */
		805EB9401630145C0011CD48 /* Frameworks */ = {
			isa = PBXFrameworksBuildPhase;
			buildActionMask = 2147483647;
			files = (
				805EB9481630145C0011CD48 /* UIKit.framework in Frameworks */,
				805EB94A1630145C0011CD48 /* Foundation.framework in Frameworks */,
				805EB94C1630145C0011CD48 /* CoreGraphics.framework in Frameworks */,
			);
			runOnlyForDeploymentPostprocessing = 0;
		};
/* End PBXFrameworksBuildPhase section */

/* Begin PBXGroup section */
		805EB9381630145C0011CD48 = {
			isa = PBXGroup;
			children = (
				805EB94D1630145C0011CD48 /* QuitSmokingIphoneApp */,
				805EB9461630145C0011CD48 /* Frameworks */,
				805EB9441630145C0011CD48 /* Products */,
			);
			sourceTree = "<group>";
		};
		805EB9441630145C0011CD48 /* Products */ = {
			isa = PBXGroup;
			children = (
				805EB9431630145C0011CD48 /* QuitSmokingIphoneApp.app */,
			);
			name = Products;
			sourceTree = "<group>";
		};
		805EB9461630145C0011CD48 /* Frameworks */ = {
			isa = PBXGroup;
			children = (
				805EB9471630145C0011CD48 /* UIKit.framework */,
				805EB9491630145C0011CD48 /* Foundation.framework */,
				805EB94B1630145C0011CD48 /* CoreGraphics.framework */,
			);
			name = Frameworks;
			sourceTree = "<group>";
		};
		805EB94D1630145C0011CD48 /* QuitSmokingIphoneApp */ = {
			isa = PBXGroup;
			children = (
				805EB9561630145C0011CD48 /* AppDelegate.h */,
				805EB9571630145C0011CD48 /* AppDelegate.m */,
				805EB95F1630145D0011CD48 /* MainStoryboard.storyboard */,
				805EB9621630145D0011CD48 /* ViewController.h */,
				805EB9631630145D0011CD48 /* ViewController.m */,
				805EB94E1630145C0011CD48 /* Supporting Files */,
			);
			path = QuitSmokingIphoneApp;
			sourceTree = "<group>";
		};
		805EB94E1630145C0011CD48 /* Supporting Files */ = {
			isa = PBXGroup;
			children = (
				805EB94F1630145C0011CD48 /* QuitSmokingIphoneApp-Info.plist */,
				805EB9501630145C0011CD48 /* InfoPlist.strings */,
				805EB9531630145C0011CD48 /* main.m */,
				805EB9551630145C0011CD48 /* QuitSmokingIphoneApp-Prefix.pch */,
				805EB9591630145C0011CD48 /* Default.png */,
				805EB95B1630145C0011CD48 /* Default@2x.png */,
				805EB95D1630145C0011CD48 /* Default-568h@2x.png */,
			);
			name = "Supporting Files";
			sourceTree = "<group>";
		};
/* End PBXGroup section */

/* Begin PBXNativeTarget section */
		805EB9421630145C0011CD48 /* QuitSmokingIphoneApp */ = {
			isa = PBXNativeTarget;
			buildConfigurationList = 805EB9671630145D0011CD48 /* Build configuration list for PBXNativeTarget "QuitSmokingIphoneApp" */;
			buildPhases = (
				805EB93F1630145C0011CD48 /* Sources */,
				805EB9401630145C0011CD48 /* Frameworks */,
				805EB9411630145C0011CD48 /* Resources */,
			);
			buildRules = (
			);
			dependencies = (
			);
			name = QuitSmokingIphoneApp;
			productName = QuitSmokingIphoneApp;
			productReference = 805EB9431630145C0011CD48 /* QuitSmokingIphoneApp.app */;
			productType = "com.apple.product-type.application";
		};
/* End PBXNativeTarget section */

/* Begin PBXProject section */
		805EB93A1630145C0011CD48 /* Project object */ = {
			isa = PBXProject;
			attributes = {
				LastUpgradeCheck = 0450;
				ORGANIZATIONNAME = "Derek Smith";
			};
			buildConfigurationList = 805EB93D1630145C0011CD48 /* Build configuration list for PBXProject "QuitSmokingIphoneApp" */;
			compatibilityVersion = "Xcode 3.2";
			developmentRegion = English;
			hasScannedForEncodings = 0;
			knownRegions = (
				en,
			);
			mainGroup = 805EB9381630145C0011CD48;
			productRefGroup = 805EB9441630145C0011CD48 /* Products */;
			projectDirPath = "";
			projectRoot = "";
			targets = (
				805EB9421630145C0011CD48 /* QuitSmokingIphoneApp */,
			);
		};
/* End PBXProject section */

/* Begin PBXResourcesBuildPhase section */
		805EB9411630145C0011CD48 /* Resources */ = {
			isa = PBXResourcesBuildPhase;
			buildActionMask = 2147483647;
			files = (
				805EB9521630145C0011CD48 /* InfoPlist.strings in Resources */,
				805EB95A1630145C0011CD48 /* Default.png in Resources */,
				805EB95C1630145C0011CD48 /* Default@2x.png in Resources */,
				805EB95E1630145C0011CD48 /* Default-568h@2x.png in Resources */,
				805EB9611630145D0011CD48 /* MainStoryboard.storyboard in Resources */,
			);
			runOnlyForDeploymentPostprocessing = 0;
		};
/* End PBXResourcesBuildPhase section */

/* Begin PBXSourcesBuildPhase section */
		805EB93F1630145C0011CD48 /* Sources */ = {
			isa = PBXSourcesBuildPhase;
			buildActionMask = 2147483647;
			files = (
				805EB9541630145C0011CD48 /* main.m in Sources */,
				805EB9581630145C0011CD48 /* AppDelegate.m in Sources */,
				805EB9641630145D0011CD48 /* ViewController.m in Sources */,
			);
			runOnlyForDeploymentPostprocessing = 0;
		};
/* End PBXSourcesBuildPhase section */

/* Begin PBXVariantGroup section */
		805EB9501630145C0011CD48 /* InfoPlist.strings */ = {
			isa = PBXVariantGroup;
			children = (
				805EB9511630145C0011CD48 /* en */,
			);
			name = InfoPlist.strings;
			sourceTree = "<group>";
		};
		805EB95F1630145D0011CD48 /* MainStoryboard.storyboard */ = {
			isa = PBXVariantGroup;
			children = (
				805EB9601630145D0011CD48 /* en */,
			);
			name = MainStoryboard.storyboard;
			sourceTree = "<group>";
		};
/* End PBXVariantGroup section */

/* Begin XCBuildConfiguration section */
		805EB9651630145D0011CD48 /* Debug */ = {
			isa = XCBuildConfiguration;
			buildSettings = {
				ALWAYS_SEARCH_USER_PATHS = NO;
				CLANG_CXX_LANGUAGE_STANDARD = "gnu++0x";
				CLANG_CXX_LIBRARY = "libc++";
				CLANG_ENABLE_OBJC_ARC = YES;
				CLANG_WARN_EMPTY_BODY = YES;
				CLANG_WARN__DUPLICATE_METHOD_MATCH = YES;
				"CODE_SIGN_IDENTITY[sdk=iphoneos*]" = "iPhone Developer";
				COPY_PHASE_STRIP = NO;
				GCC_C_LANGUAGE_STANDARD = gnu99;
				GCC_DYNAMIC_NO_PIC = NO;
				GCC_OPTIMIZATION_LEVEL = 0;
				GCC_PREPROCESSOR_DEFINITIONS = (
					"DEBUG=1",
					"$(inherited)",
				);
				GCC_SYMBOLS_PRIVATE_EXTERN = NO;
				GCC_WARN_ABOUT_RETURN_TYPE = YES;
				GCC_WARN_UNINITIALIZED_AUTOS = YES;
				GCC_WARN_UNUSED_VARIABLE = YES;
				IPHONEOS_DEPLOYMENT_TARGET = 6.0;
				SDKROOT = iphoneos;
			};
			name = Debug;
		};
		805EB9661630145D0011CD48 /* Release */ = {
			isa = XCBuildConfiguration;
			buildSettings = {
				ALWAYS_SEARCH_USER_PATHS = NO;
				CLANG_CXX_LANGUAGE_STANDARD = "gnu++0x";
				CLANG_CXX_LIBRARY = "libc++";
				CLANG_ENABLE_OBJC_ARC = YES;
				CLANG_WARN_EMPTY_BODY = YES;
				CLANG_WARN__DUPLICATE_METHOD_MATCH = YES;
				"CODE_SIGN_IDENTITY[sdk=iphoneos*]" = "iPhone Developer";
				COPY_PHASE_STRIP = YES;
				GCC_C_LANGUAGE_STANDARD = gnu99;
				GCC_WARN_ABOUT_RETURN_TYPE = YES;
				GCC_WARN_UNINITIALIZED_AUTOS = YES;
				GCC_WARN_UNUSED_VARIABLE = YES;
				IPHONEOS_DEPLOYMENT_TARGET = 6.0;
				OTHER_CFLAGS = "-DNS_BLOCK_ASSERTIONS=1";
				SDKROOT = iphoneos;
				VALIDATE_PRODUCT = YES;
			};
			name = Release;
		};
		805EB9681630145D0011CD48 /* Debug */ = {
			isa = XCBuildConfiguration;
			buildSettings = {
				GCC_PRECOMPILE_PREFIX_HEADER = YES;
				GCC_PREFIX_HEADER = "QuitSmokingIphoneApp/QuitSmokingIphoneApp-Prefix.pch";
				INFOPLIST_FILE = "QuitSmokingIphoneApp/QuitSmokingIphoneApp-Info.plist";
				PRODUCT_NAME = "$(TARGET_NAME)";
				WRAPPER_EXTENSION = app;
			};
			name = Debug;
		};
		805EB9691630145D0011CD48 /* Release */ = {
			isa = XCBuildConfiguration;
			buildSettings = {
				GCC_PRECOMPILE_PREFIX_HEADER = YES;
				GCC_PREFIX_HEADER = "QuitSmokingIphoneApp/QuitSmokingIphoneApp-Prefix.pch";
				INFOPLIST_FILE = "QuitSmokingIphoneApp/QuitSmokingIphoneApp-Info.plist";
				PRODUCT_NAME = "$(TARGET_NAME)";
				WRAPPER_EXTENSION = app;
			};
			name = Release;
		};
/* End XCBuildConfiguration section */

/* Begin XCConfigurationList section */
		805EB93D1630145C0011CD48 /* Build configuration list for PBXProject "QuitSmokingIphoneApp" */ = {
			isa = XCConfigurationList;
			buildConfigurations = (
				805EB9651630145D0011CD48 /* Debug */,
				805EB9661630145D0011CD48 /* Release */,
			);
			defaultConfigurationIsVisible = 0;
			defaultConfigurationName = Release;
		};
		805EB9671630145D0011CD48 /* Build configuration list for PBXNativeTarget "QuitSmokingIphoneApp" */ = {
			isa = XCConfigurationList;
			buildConfigurations = (
				805EB9681630145D0011CD48 /* Debug */,
				805EB9691630145D0011CD48 /* Release */,
			);
			defaultConfigurationIsVisible = 0;
		};
/* End XCConfigurationList section */
	};
	rootObject = 805EB93A1630145C0011CD48 /* Project object */;
}
